github.com/keep94/consume2 v0.4.0 h1:geXHPEPOXZ7Dq9BIyBf/XFIVLF+84Z7ILb/STzvRr7E=
github.com/keep94/consume2 v0.4.0/go.mod h1:oI2GS5jRbaWtXBO3wLiqr+dHpNmEyOgAJd4C1Jxp9o0=
github.com/keep94/sqroot v0.6.0 h1:CEkb935zMxuUMvstsl3drza9UqYAcBMiSSXRApf4CLQ=
github.com/keep94/sqroot v0.6.0/go.mod h1:CRld7ybyZrsgwXKLtaw2FoH+cEx9o+WIiv4ofxN1+mA=
